
Microsoft Visual Studio Solution File, Format Version 12.00
# Visual Studio Version 17
VisualStudioVersion = 17.3.32922.545
MinimumVisualStudioVersion = 10.0.40219.1
Project("{FAE04EC0-301F-11D3-BF4B-00C04F79EFBC}") = "1.1", "1.1\1.1.csproj", "{A27501E3-2D20-40B6-8713-24A36B8F2FEB}"
EndProject
Project("{FAE04EC0-301F-11D3-BF4B-00C04F79EFBC}") = "WinFormsApp1", "WinFormsApp1\WinFormsApp1.csproj", "{B2560E20-E6F1-4519-A948-4CA363E0B639}"
EndProject
Global
	GlobalSection(SolutionConfigurationPlatforms) = preSolution
		Debug|Any CPU = Debug|Any CPU
		Release|Any CPU = Release|Any CPU
	EndGlobalSection
	GlobalSection(ProjectConfigurationPlatforms) = postSolution
		{A27501E3-2D20-40B6-8713-24A36B8F2FEB}.Debug|Any CPU.ActiveCfg = Debug|Any CPU
		{A27501E3-2D20-40B6-8713-24A36B8F2FEB}.Debug|Any CPU.Build.0 = Debug|Any CPU
		{A27501E3-2D20-40B6-8713-24A36B8F2FEB}.Release|Any CPU.ActiveCfg = Release|Any CPU
		{A27501E3-2D20-40B6-8713-24A36B8F2FEB}.Release|Any CPU.Build.0 = Release|Any CPU
		{B2560E20-E6F1-4519-A948-4CA363E0B639}.Debug|Any CPU.ActiveCfg = Debug|Any CPU
		{B2560E20-E6F1-4519-A948-4CA363E0B639}.Debug|Any CPU.Build.0 = Debug|Any CPU
		{B2560E20-E6F1-4519-A948-4CA363E0B639}.Release|Any CPU.ActiveCfg = Release|Any CPU
		{B2560E20-E6F1-4519-A948-4CA363E0B639}.Release|Any CPU.Build.0 = Release|Any CPU
	EndGlobalSection
	GlobalSection(SolutionProperties) = preSolution
		HideSolutionNode = FALSE
	EndGlobalSection
	GlobalSection(ExtensibilityGlobals) = postSolution
		SolutionGuid = {EE2B7633-DEEF-4EC7-BB8F-A63BA15C4A6B}
	EndGlobalSection
EndGlobal
